
Microsoft Visual Studio Solution File, Format Version 12.00
# Visual Studio Version 17
VisualStudioVersion = 17.8.34330.188
MinimumVisualStudioVersion = 10.0.40219.1
Project("{FAE04EC0-301F-11D3-BF4B-00C04F79EFBC}") = "ProductionManager.Data", "ProductionManager.Data.csproj", "{351802B4-290A-49FE-9730-EED1E6C2506C}"
EndProject
Project("{FAE04EC0-301F-11D3-BF4B-00C04F79EFBC}") = "ProductionManager.WinForms", "..\ProductionManager.WinForms\ProductionManager.WinForms.csproj", "{B9DF4782-FC10-45A1-A52C-5102535EF09A}"
	ProjectSection(ProjectDependencies) = postProject
		{351802B4-290A-49FE-9730-EED1E6C2506C} = {351802B4-290A-49FE-9730-EED1E6C2506C}
	EndProjectSection
EndProject
Project("{FAE04EC0-301F-11D3-BF4B-00C04F79EFBC}") = "ProductionApp.Web", "..\ProductionApp.Web\ProductionApp.Web.csproj", "{9B6C55F7-9972-4460-A8D7-5EE580E82248}"
EndProject
Global
	GlobalSection(SolutionConfigurationPlatforms) = preSolution
		Debug|Any CPU = Debug|Any CPU
		Release|Any CPU = Release|Any CPU
	EndGlobalSection
	GlobalSection(ProjectConfigurationPlatforms) = postSolution
		{351802B4-290A-49FE-9730-EED1E6C2506C}.Debug|Any CPU.ActiveCfg = Debug|Any CPU
		{351802B4-290A-49FE-9730-EED1E6C2506C}.Debug|Any CPU.Build.0 = Debug|Any CPU
		{351802B4-290A-49FE-9730-EED1E6C2506C}.Release|Any CPU.ActiveCfg = Release|Any CPU
		{351802B4-290A-49FE-9730-EED1E6C2506C}.Release|Any CPU.Build.0 = Release|Any CPU
		{B9DF4782-FC10-45A1-A52C-5102535EF09A}.Debug|Any CPU.ActiveCfg = Debug|Any CPU
		{B9DF4782-FC10-45A1-A52C-5102535EF09A}.Debug|Any CPU.Build.0 = Debug|Any CPU
		{B9DF4782-FC10-45A1-A52C-5102535EF09A}.Release|Any CPU.ActiveCfg = Release|Any CPU
		{B9DF4782-FC10-45A1-A52C-5102535EF09A}.Release|Any CPU.Build.0 = Release|Any CPU
		{9B6C55F7-9972-4460-A8D7-5EE580E82248}.Debug|Any CPU.ActiveCfg = Debug|Any CPU
		{9B6C55F7-9972-4460-A8D7-5EE580E82248}.Debug|Any CPU.Build.0 = Debug|Any CPU
		{9B6C55F7-9972-4460-A8D7-5EE580E82248}.Release|Any CPU.ActiveCfg = Release|Any CPU
		{9B6C55F7-9972-4460-A8D7-5EE580E82248}.Release|Any CPU.Build.0 = Release|Any CPU
	EndGlobalSection
	GlobalSection(SolutionProperties) = preSolution
		HideSolutionNode = FALSE
	EndGlobalSection
	GlobalSection(ExtensibilityGlobals) = postSolution
		SolutionGuid = {2549CC6D-752A-42BA-9884-C1B0EAED86DF}
	EndGlobalSection
EndGlobal
